
Microsoft Visual Studio Solution File, Format Version 12.00
Project("{FAE04EC0-301F-11D3-BF4B-00C04F79EFBC}") = "KpiSchedule.Api", "KpiSchedule.Api\KpiSchedule.Api.csproj", "{324D6759-7DD1-4212-B169-6A570AB5A082}"
EndProject
Project("{FAE04EC0-301F-11D3-BF4B-00C04F79EFBC}") = "KpiSchedule.TelegramBot", "KpiSchedule.TelegramBot\KpiSchedule.TelegramBot.csproj", "{6B79923C-660C-4FFF-8FEF-F110FF5A57D1}"
EndProject
Project("{FAE04EC0-301F-11D3-BF4B-00C04F79EFBC}") = "KpiSchedule.Database", "KpiSchedule.Database\KpiSchedule.Database.csproj", "{BCFAD903-F9E8-42E0-9F96-D853DFFEF95D}"
EndProject
Project("{FAE04EC0-301F-11D3-BF4B-00C04F79EFBC}") = "KpiSchedule.Api.Tests", "KpiSchedule.Api.Tests\KpiSchedule.Api.Tests.csproj", "{8F85E51C-5959-45BB-BF68-E383144C0BFB}"
EndProject
Project("{2150E333-8FDC-42A3-9474-1A3956D46DE8}") = "Api", "Api", "{B87111AB-161E-4865-8EF0-AC25DEA18843}"
EndProject
Project("{2150E333-8FDC-42A3-9474-1A3956D46DE8}") = "Telegram", "Telegram", "{275F62F9-CAD8-42F0-BE44-C61A1D1A3EE2}"
EndProject
Global
	GlobalSection(SolutionConfigurationPlatforms) = preSolution
		Debug|Any CPU = Debug|Any CPU
		Release|Any CPU = Release|Any CPU
	EndGlobalSection
	GlobalSection(ProjectConfigurationPlatforms) = postSolution
		{324D6759-7DD1-4212-B169-6A570AB5A082}.Debug|Any CPU.ActiveCfg = Debug|Any CPU
		{324D6759-7DD1-4212-B169-6A570AB5A082}.Debug|Any CPU.Build.0 = Debug|Any CPU
		{324D6759-7DD1-4212-B169-6A570AB5A082}.Release|Any CPU.ActiveCfg = Release|Any CPU
		{324D6759-7DD1-4212-B169-6A570AB5A082}.Release|Any CPU.Build.0 = Release|Any CPU
		{6B79923C-660C-4FFF-8FEF-F110FF5A57D1}.Debug|Any CPU.ActiveCfg = Debug|Any CPU
		{6B79923C-660C-4FFF-8FEF-F110FF5A57D1}.Debug|Any CPU.Build.0 = Debug|Any CPU
		{6B79923C-660C-4FFF-8FEF-F110FF5A57D1}.Release|Any CPU.ActiveCfg = Release|Any CPU
		{6B79923C-660C-4FFF-8FEF-F110FF5A57D1}.Release|Any CPU.Build.0 = Release|Any CPU
		{BCFAD903-F9E8-42E0-9F96-D853DFFEF95D}.Debug|Any CPU.ActiveCfg = Debug|Any CPU
		{BCFAD903-F9E8-42E0-9F96-D853DFFEF95D}.Debug|Any CPU.Build.0 = Debug|Any CPU
		{BCFAD903-F9E8-42E0-9F96-D853DFFEF95D}.Release|Any CPU.ActiveCfg = Release|Any CPU
		{BCFAD903-F9E8-42E0-9F96-D853DFFEF95D}.Release|Any CPU.Build.0 = Release|Any CPU
		{8F85E51C-5959-45BB-BF68-E383144C0BFB}.Debug|Any CPU.ActiveCfg = Debug|Any CPU
		{8F85E51C-5959-45BB-BF68-E383144C0BFB}.Debug|Any CPU.Build.0 = Debug|Any CPU
		{8F85E51C-5959-45BB-BF68-E383144C0BFB}.Release|Any CPU.ActiveCfg = Release|Any CPU
		{8F85E51C-5959-45BB-BF68-E383144C0BFB}.Release|Any CPU.Build.0 = Release|Any CPU
	EndGlobalSection
	GlobalSection(NestedProjects) = preSolution
		{324D6759-7DD1-4212-B169-6A570AB5A082} = {B87111AB-161E-4865-8EF0-AC25DEA18843}
		{8F85E51C-5959-45BB-BF68-E383144C0BFB} = {B87111AB-161E-4865-8EF0-AC25DEA18843}
		{BCFAD903-F9E8-42E0-9F96-D853DFFEF95D} = {275F62F9-CAD8-42F0-BE44-C61A1D1A3EE2}
		{6B79923C-660C-4FFF-8FEF-F110FF5A57D1} = {275F62F9-CAD8-42F0-BE44-C61A1D1A3EE2}
	EndGlobalSection
EndGlobal
